
Microsoft Visual Studio Solution File, Format Version 11.00
# Visual Basic Express 2010
Project("{F184B08F-C81C-45F6-A57F-5ABD9991F28F}") = "TerragenNetworkRender", "TerragenNetworkRender\TerragenNetworkRender.vbproj", "{83462C9E-201C-427D-9848-2C3CFCBC018F}"
EndProject
Global
	GlobalSection(SolutionConfigurationPlatforms) = preSolution
		Debug|Any CPU = Debug|Any CPU
		Release|Any CPU = Release|Any CPU
	EndGlobalSection
	GlobalSection(ProjectConfigurationPlatforms) = postSolution
		{83462C9E-201C-427D-9848-2C3CFCBC018F}.Debug|Any CPU.ActiveCfg = Debug|Any CPU
		{83462C9E-201C-427D-9848-2C3CFCBC018F}.Debug|Any CPU.Build.0 = Debug|Any CPU
		{83462C9E-201C-427D-9848-2C3CFCBC018F}.Release|Any CPU.ActiveCfg = Release|Any CPU
		{83462C9E-201C-427D-9848-2C3CFCBC018F}.Release|Any CPU.Build.0 = Release|Any CPU
	EndGlobalSection
	GlobalSection(SolutionProperties) = preSolution
		HideSolutionNode = FALSE
	EndGlobalSection
EndGlobal
